
Microsoft Visual Studio Solution File, Format Version 12.00
# Visual Studio Version 17
VisualStudioVersion = 17.5.002.0
MinimumVisualStudioVersion = 10.0.40219.1
Project("{9A19103F-16F7-4668-BE54-9A1E7A4F7556}") = "ApiBasicsDotNet", "ApiBasicsDotNet.csproj", "{BC97C178-5836-40EC-A62D-091E69990F69}"
EndProject
Global
	GlobalSection(SolutionConfigurationPlatforms) = preSolution
		Debug|Any CPU = Debug|Any CPU
		Release|Any CPU = Release|Any CPU
	EndGlobalSection
	GlobalSection(ProjectConfigurationPlatforms) = postSolution
		{BC97C178-5836-40EC-A62D-091E69990F69}.Debug|Any CPU.ActiveCfg = Debug|Any CPU
		{BC97C178-5836-40EC-A62D-091E69990F69}.Debug|Any CPU.Build.0 = Debug|Any CPU
		{BC97C178-5836-40EC-A62D-091E69990F69}.Release|Any CPU.ActiveCfg = Release|Any CPU
		{BC97C178-5836-40EC-A62D-091E69990F69}.Release|Any CPU.Build.0 = Release|Any CPU
	EndGlobalSection
	GlobalSection(SolutionProperties) = preSolution
		HideSolutionNode = FALSE
	EndGlobalSection
	GlobalSection(ExtensibilityGlobals) = postSolution
		SolutionGuid = {19464773-4316-4BED-A244-A760A07EC47A}
	EndGlobalSection
EndGlobal
